<Solution>
  <Configurations>
    <Platform Name="x64" />
    <Platform Name="x86" />
  </Configurations>
  <Project Path="../Calculator Design UI and Event HandlingTests/Calculator Design UI and Event HandlingTests.vcxproj" />
  <Project Path="Calculator Design UI and Event Handling.vcxproj" Id="faaefcc0-d72f-4534-8584-07b15b97712b" />
</Solution>
